lockfileVersion: '9.0'

settings:
  autoInstallPeers: true
  excludeLinksFromLockfile: false

importers:

  .:
    devDependencies:
      '@rsbuild/core':
        specifier: ^1.4.0
        version: 1.4.1

packages:

  '@emnapi/core@1.4.3':
    resolution: {integrity: sha512-4m62DuCE07lw01soJwPiBGC0nAww0Q+RY70VZ+n49yDIO13yyinhbWCeNnaob0lakDtWQzSdtNWzJeOJt2ma+g==}

  '@emnapi/runtime@1.4.3':
    resolution: {integrity: sha512-pBPWdu6MLKROBX05wSNKcNb++m5Er+KQ9QkB+WVM+pW2Kx9hoSrVTnu3BdkI5eBLZoKu/J6mW/B6i6bJB2ytXQ==}

  '@emnapi/wasi-threads@1.0.2':
    resolution: {integrity: sha512-5n3nTJblwRi8LlXkJ9eBzu+kZR8Yxcc7ubakyQTFzPMtIhFpUBRbsnc2Dv88IZDIbCDlBiWrknhB4Lsz7mg6BA==}

  '@module-federation/error-codes@0.15.0':
    resolution: {integrity: sha512-CFJSF+XKwTcy0PFZ2l/fSUpR4z247+Uwzp1sXVkdIfJ/ATsnqf0Q01f51qqSEA6MYdQi6FKos9FIcu3dCpQNdg==}

  '@module-federation/runtime-core@0.15.0':
    resolution: {integrity: sha512-RYzI61fRDrhyhaEOXH3AgIGlHiot0wPFXu7F43cr+ZnTi+VlSYWLdlZ4NBuT9uV6JSmH54/c+tEZm5SXgKR2sQ==}

  '@module-federation/runtime-tools@0.15.0':
    resolution: {integrity: sha512-kzFn3ObUeBp5vaEtN1WMxhTYBuYEErxugu1RzFUERD21X3BZ+b4cWwdFJuBDlsmVjctIg/QSOoZoPXRKAO0foA==}

  '@module-federation/runtime@0.15.0':
    resolution: {integrity: sha512-dTPsCNum9Bhu3yPOcrPYq0YnM9eCMMMNB1wuiqf1+sFbQlNApF0vfZxooqz3ln0/MpgE0jerVvFsLVGfqvC9Ug==}

  '@module-federation/sdk@0.15.0':
    resolution: {integrity: sha512-PWiYbGcJrKUD6JZiEPihrXhV3bgXdll4bV7rU+opV7tHaun+Z0CdcawjZ82Xnpb8MCPGmqHwa1MPFeUs66zksw==}

  '@module-federation/webpack-bundler-runtime@0.15.0':
    resolution: {integrity: sha512-i+3wu2Ljh2TmuUpsnjwZVupOVqV50jP0ndA8PSP4gwMKlgdGeaZ4VH5KkHAXGr2eiYUxYLMrJXz1+eILJqeGDg==}

  '@napi-rs/wasm-runtime@0.2.11':
    resolution: {integrity: sha512-9DPkXtvHydrcOsopiYpUgPHpmj0HWZKMUnL2dZqpvC42lsratuBG06V5ipyno0fUek5VlFsNQ+AcFATSrJXgMA==}

  '@rsbuild/core@1.4.1':
    resolution: {integrity: sha512-zNCfuTtQq3CyO1Hf5AaAHftdD/Py9j3grwGSsA5wUp1DR9GX4D3lCZGvc5xDnSQvEu+BADiN5wZ3HTn1HQNDkQ==}
    engines: {node: '>=16.10.0'}
    hasBin: true

  '@rspack/binding-darwin-arm64@1.4.1':
    resolution: {integrity: sha512-enh5DYbpaexdEmjbcxj3BJDauP3w+20jFKWvKROtAQV350PUw0bf2b4WOgngIH9hBzlfjpXNYAk6T5AhVAlY3Q==}
    cpu: [arm64]
    os: [darwin]

  '@rspack/binding-darwin-x64@1.4.1':
    resolution: {integrity: sha512-KoehyhBji4TLXhn4mqOUw6xsQNRzNVA9XcCm1Jx+M1Qb0dhMTNfduvBSyXuRV5+/QaRbk7+4UJbyRNFUtt96kA==}
    cpu: [x64]
    os: [darwin]

  '@rspack/binding-linux-arm64-gnu@1.4.1':
    resolution: {integrity: sha512-PJ5cHqvrj1bK7jH5DVrdKoR8Fy+p6l9baxXajq/6xWTxP+4YTdEtLsRZnpLMS1Ho2RRpkxDWJn+gdlKuleNioQ==}
    cpu: [arm64]
    os: [linux]

  '@rspack/binding-linux-arm64-musl@1.4.1':
    resolution: {integrity: sha512-cpDz+z3FwVQfK6VYfXQEb0ym6fFIVmvK4y3R/2VAbVGWYVxZB5I6AcSdOWdDnpppHmcHpf+qQFlwhHvbpMMJNQ==}
    cpu: [arm64]
    os: [linux]

  '@rspack/binding-linux-x64-gnu@1.4.1':
    resolution: {integrity: sha512-jjTx53CpiYWK7fAv5qS8xHEytFK6gLfZRk+0kt2YII6uqez/xQ3SRcboreH8XbJcBoxINBzMNMf5/SeMBZ939A==}
    cpu: [x64]
    os: [linux]

  '@rspack/binding-linux-x64-musl@1.4.1':
    resolution: {integrity: sha512-FAyR3Og81Smtr/CnsuTiW4ZCYAPCqeV73lzMKZ9xdVUgM9324ryEgqgX38GZLB5Mo7cvQhv7/fpMeHQo16XQCw==}
    cpu: [x64]
    os: [linux]

  '@rspack/binding-wasm32-wasi@1.4.1':
    resolution: {integrity: sha512-3Q1VICIQP4GsaTJEmmwfowQ48NvhlL0CKH88l5+mbji2rBkGx7yR67pPdfCVNjXcCtFoemTYw98eaumJTjC++g==}
    cpu: [wasm32]

  '@rspack/binding-win32-arm64-msvc@1.4.1':
    resolution: {integrity: sha512-DdLPOy1J98kn45uEhiEqlBKgMvet+AxOzX2OcrnU0wQXthGM9gty1YXYNryOhlK+X+eOcwcP3GbnDOAKi8nKqw==}
    cpu: [arm64]
    os: [win32]

  '@rspack/binding-win32-ia32-msvc@1.4.1':
    resolution: {integrity: sha512-13s8fYtyC9DyvKosD2Kvzd6fVZDZZyPp91L4TEXWaO0CFhaCbtLTYIntExq9MwtKHYKKx7bchIFw93o0xjKjUg==}
    cpu: [ia32]
    os: [win32]

  '@rspack/binding-win32-x64-msvc@1.4.1':
    resolution: {integrity: sha512-ubQW8FcLnwljDanwTzkC9Abyo59gmX8m9uVr1GHOEuEU9Cua0KMijX2j/MYfiziz4nuQgv1saobY7K1I5nE3YA==}
    cpu: [x64]
    os: [win32]

  '@rspack/binding@1.4.1':
    resolution: {integrity: sha512-zYgOmI+LC2zxB/LIcnaeK66ElFHaPChdWzRruTT1LAFFwpgGkBGAwFoP27PDnxQW0Aejci21Ld8X9tyxm08QFw==}

  '@rspack/core@1.4.1':
    resolution: {integrity: sha512-UTRCTQk2G8YiPBiMvfn8FcysxeO4Muek6a/Z39Cw2r4ZI8k5iPnKiyZboTJLS7120PwWBw2SO+QQje35Z44x0g==}
    engines: {node: '>=16.0.0'}
    peerDependencies:
      '@swc/helpers': '>=0.5.1'
    peerDependenciesMeta:
      '@swc/helpers':
        optional: true

  '@rspack/lite-tapable@1.0.1':
    resolution: {integrity: sha512-VynGOEsVw2s8TAlLf/uESfrgfrq2+rcXB1muPJYBWbsm1Oa6r5qVQhjA5ggM6z/coYPrsVMgovl3Ff7Q7OCp1w==}
    engines: {node: '>=16.0.0'}

  '@swc/helpers@0.5.17':
    resolution: {integrity: sha512-5IKx/Y13RsYd+sauPb2x+U/xZikHjolzfuDgTAl/Tdf3Q8rslRvC19NKDLgAJQ6wsqADk10ntlv08nPFw/gO/A==}

  '@tybys/wasm-util@0.9.0':
    resolution: {integrity: sha512-6+7nlbMVX/PVDCwaIQ8nTOPveOcFLSt8GcXdx8hD0bt39uWxYT88uXzqTd4fTvqta7oeUJqudepapKNt2DYJFw==}

  core-js@3.43.0:
    resolution: {integrity: sha512-N6wEbTTZSYOY2rYAn85CuvWWkCK6QweMn7/4Nr3w+gDBeBhk/x4EJeY6FPo4QzDoJZxVTv8U7CMvgWk6pOHHqA==}

  jiti@2.4.2:
    resolution: {integrity: sha512-rg9zJN+G4n2nfJl5MW3BMygZX56zKPNVEYYqq7adpmMh4Jn2QNEwhvQlFy6jPVdcod7txZtKHWnyZiA3a0zP7A==}
    hasBin: true

  tslib@2.8.1:
    resolution: {integrity: sha512-oJFu94HQb+KVduSUQL7wnpmqnfmLsOA/nAh6b6EH0wCEoK0/mPeXU6c3wKDV83MkOuHPRHtSXKKU99IBazS/2w==}

snapshots:

  '@emnapi/core@1.4.3':
    dependencies:
      '@emnapi/wasi-threads': 1.0.2
      tslib: 2.8.1
    optional: true

  '@emnapi/runtime@1.4.3':
    dependencies:
      tslib: 2.8.1
    optional: true

  '@emnapi/wasi-threads@1.0.2':
    dependencies:
      tslib: 2.8.1
    optional: true

  '@module-federation/error-codes@0.15.0': {}

  '@module-federation/runtime-core@0.15.0':
    dependencies:
      '@module-federation/error-codes': 0.15.0
      '@module-federation/sdk': 0.15.0

  '@module-federation/runtime-tools@0.15.0':
    dependencies:
      '@module-federation/runtime': 0.15.0
      '@module-federation/webpack-bundler-runtime': 0.15.0

  '@module-federation/runtime@0.15.0':
    dependencies:
      '@module-federation/error-codes': 0.15.0
      '@module-federation/runtime-core': 0.15.0
      '@module-federation/sdk': 0.15.0

  '@module-federation/sdk@0.15.0': {}

  '@module-federation/webpack-bundler-runtime@0.15.0':
    dependencies:
      '@module-federation/runtime': 0.15.0
      '@module-federation/sdk': 0.15.0

  '@napi-rs/wasm-runtime@0.2.11':
    dependencies:
      '@emnapi/core': 1.4.3
      '@emnapi/runtime': 1.4.3
      '@tybys/wasm-util': 0.9.0
    optional: true

  '@rsbuild/core@1.4.1':
    dependencies:
      '@rspack/core': 1.4.1(@swc/helpers@0.5.17)
      '@rspack/lite-tapable': 1.0.1
      '@swc/helpers': 0.5.17
      core-js: 3.43.0
      jiti: 2.4.2

  '@rspack/binding-darwin-arm64@1.4.1':
    optional: true

  '@rspack/binding-darwin-x64@1.4.1':
    optional: true

  '@rspack/binding-linux-arm64-gnu@1.4.1':
    optional: true

  '@rspack/binding-linux-arm64-musl@1.4.1':
    optional: true

  '@rspack/binding-linux-x64-gnu@1.4.1':
    optional: true

  '@rspack/binding-linux-x64-musl@1.4.1':
    optional: true

  '@rspack/binding-wasm32-wasi@1.4.1':
    dependencies:
      '@napi-rs/wasm-runtime': 0.2.11
    optional: true

  '@rspack/binding-win32-arm64-msvc@1.4.1':
    optional: true

  '@rspack/binding-win32-ia32-msvc@1.4.1':
    optional: true

  '@rspack/binding-win32-x64-msvc@1.4.1':
    optional: true

  '@rspack/binding@1.4.1':
    optionalDependencies:
      '@rspack/binding-darwin-arm64': 1.4.1
      '@rspack/binding-darwin-x64': 1.4.1
      '@rspack/binding-linux-arm64-gnu': 1.4.1
      '@rspack/binding-linux-arm64-musl': 1.4.1
      '@rspack/binding-linux-x64-gnu': 1.4.1
      '@rspack/binding-linux-x64-musl': 1.4.1
      '@rspack/binding-wasm32-wasi': 1.4.1
      '@rspack/binding-win32-arm64-msvc': 1.4.1
      '@rspack/binding-win32-ia32-msvc': 1.4.1
      '@rspack/binding-win32-x64-msvc': 1.4.1

  '@rspack/core@1.4.1(@swc/helpers@0.5.17)':
    dependencies:
      '@module-federation/runtime-tools': 0.15.0
      '@rspack/binding': 1.4.1
      '@rspack/lite-tapable': 1.0.1
    optionalDependencies:
      '@swc/helpers': 0.5.17

  '@rspack/lite-tapable@1.0.1': {}

  '@swc/helpers@0.5.17':
    dependencies:
      tslib: 2.8.1

  '@tybys/wasm-util@0.9.0':
    dependencies:
      tslib: 2.8.1
    optional: true

  core-js@3.43.0: {}

  jiti@2.4.2: {}

  tslib@2.8.1: {}
