lockfileVersion: '9.0'

settings:
  autoInstallPeers: true
  excludeLinksFromLockfile: false

importers:

  .:
    devDependencies:
      '@rsbuild/core':
        specifier: ^1.3.22
        version: 1.4.0

packages:

  '@emnapi/core@1.4.3':
    resolution: {integrity: sha512-4m62DuCE07lw01soJwPiBGC0nAww0Q+RY70VZ+n49yDIO13yyinhbWCeNnaob0lakDtWQzSdtNWzJeOJt2ma+g==}

  '@emnapi/runtime@1.4.3':
    resolution: {integrity: sha512-pBPWdu6MLKROBX05wSNKcNb++m5Er+KQ9QkB+WVM+pW2Kx9hoSrVTnu3BdkI5eBLZoKu/J6mW/B6i6bJB2ytXQ==}

  '@emnapi/wasi-threads@1.0.2':
    resolution: {integrity: sha512-5n3nTJblwRi8LlXkJ9eBzu+kZR8Yxcc7ubakyQTFzPMtIhFpUBRbsnc2Dv88IZDIbCDlBiWrknhB4Lsz7mg6BA==}

  '@module-federation/error-codes@0.15.0':
    resolution: {integrity: sha512-CFJSF+XKwTcy0PFZ2l/fSUpR4z247+Uwzp1sXVkdIfJ/ATsnqf0Q01f51qqSEA6MYdQi6FKos9FIcu3dCpQNdg==}

  '@module-federation/runtime-core@0.15.0':
    resolution: {integrity: sha512-RYzI61fRDrhyhaEOXH3AgIGlHiot0wPFXu7F43cr+ZnTi+VlSYWLdlZ4NBuT9uV6JSmH54/c+tEZm5SXgKR2sQ==}

  '@module-federation/runtime-tools@0.15.0':
    resolution: {integrity: sha512-kzFn3ObUeBp5vaEtN1WMxhTYBuYEErxugu1RzFUERD21X3BZ+b4cWwdFJuBDlsmVjctIg/QSOoZoPXRKAO0foA==}

  '@module-federation/runtime@0.15.0':
    resolution: {integrity: sha512-dTPsCNum9Bhu3yPOcrPYq0YnM9eCMMMNB1wuiqf1+sFbQlNApF0vfZxooqz3ln0/MpgE0jerVvFsLVGfqvC9Ug==}

  '@module-federation/sdk@0.15.0':
    resolution: {integrity: sha512-PWiYbGcJrKUD6JZiEPihrXhV3bgXdll4bV7rU+opV7tHaun+Z0CdcawjZ82Xnpb8MCPGmqHwa1MPFeUs66zksw==}

  '@module-federation/webpack-bundler-runtime@0.15.0':
    resolution: {integrity: sha512-i+3wu2Ljh2TmuUpsnjwZVupOVqV50jP0ndA8PSP4gwMKlgdGeaZ4VH5KkHAXGr2eiYUxYLMrJXz1+eILJqeGDg==}

  '@napi-rs/wasm-runtime@0.2.11':
    resolution: {integrity: sha512-9DPkXtvHydrcOsopiYpUgPHpmj0HWZKMUnL2dZqpvC42lsratuBG06V5ipyno0fUek5VlFsNQ+AcFATSrJXgMA==}

  '@rsbuild/core@1.4.0':
    resolution: {integrity: sha512-uLqcdO1v1qJw5UdiE34YrbdAFP/XtdetIB/JXWdGXZN40Yw/5yDU8PHKOb1i1L0hWhg21QPGXtvmLMXd7J7tRA==}
    engines: {node: '>=16.10.0'}
    hasBin: true

  '@rspack/binding-darwin-arm64@1.4.0':
    resolution: {integrity: sha512-fOvbe71PAu9mM4f9KYssielLlTaQ0RcaS6fARkOuQRS3HfmZnAcMJA9kDkMAWBdsHQSW2RPHLji0Ng7lumAFvg==}
    cpu: [arm64]
    os: [darwin]

  '@rspack/binding-darwin-x64@1.4.0':
    resolution: {integrity: sha512-1U7u5LdB+FwC90i3U9WDNeQoD8xoCfQBZPI0M6nB8pBCLW3HIP6Lzd60hTSKPuWOW6ZuXroUGoRG0z/ba8QlNg==}
    cpu: [x64]
    os: [darwin]

  '@rspack/binding-linux-arm64-gnu@1.4.0':
    resolution: {integrity: sha512-XYOfmHDYo88jruqAtyjklTqrNeixigP2QjsiZDiB0YvRQyaoLTw3hZ7RvhJbVruxFibwF75yiMlMD9LJgDTxrg==}
    cpu: [arm64]
    os: [linux]

  '@rspack/binding-linux-arm64-musl@1.4.0':
    resolution: {integrity: sha512-IvQNw3wN5Dro1CeT4f95W7R/ZAKREcsf9s0Kqk4NtBhaPxcEf+nV72mMDBzPUakEI/g32e5Evb91w3y0EFWhIg==}
    cpu: [arm64]
    os: [linux]

  '@rspack/binding-linux-x64-gnu@1.4.0':
    resolution: {integrity: sha512-b71w0Iflh/7gvwrpdfJYC4FsCb84mQen3YDYtiBF7VWdXKTN5OzWoibX/3i68l3HBncCf0vmWRr9XFrdejEZEg==}
    cpu: [x64]
    os: [linux]

  '@rspack/binding-linux-x64-musl@1.4.0':
    resolution: {integrity: sha512-aGanEWtYRBiuS6RdI3rOwcV/tetq5duyYRmm/i1RoGAyfGp7vtoPpKVl7PP/hODWp3lZ9PVn3FhxsEaV7LY36Q==}
    cpu: [x64]
    os: [linux]

  '@rspack/binding-wasm32-wasi@1.4.0':
    resolution: {integrity: sha512-3LMP/bs/qCQw7Os/Y9HXVZ15TyXhngM1EQtX0ULJLPdOaX5yO/znXwdzRCI03T8i3MIZxno9EdgHlg1FNt4Puw==}
    cpu: [wasm32]

  '@rspack/binding-win32-arm64-msvc@1.4.0':
    resolution: {integrity: sha512-cduBQqs8bGMFui7gpq+NlMOq1lr78jCvfUNEvZ59hU9xIx3Xewq1yQRNKuCikx24HJCtKRgzYdSMKMpUwnNNMg==}
    cpu: [arm64]
    os: [win32]

  '@rspack/binding-win32-ia32-msvc@1.4.0':
    resolution: {integrity: sha512-ZNWutTwz4iL/9QD0rYk+JKpes5Nx+bQys5aBVM2z/BefvWInw+3beeIRV6SgY8UiO5jc5GEwmdwdv8duzUrhbg==}
    cpu: [ia32]
    os: [win32]

  '@rspack/binding-win32-x64-msvc@1.4.0':
    resolution: {integrity: sha512-pNwpjFCVYQpmA156GgjEqnHly3UZqNXYCJPkouAnUvVE9m0Xoo9May7v7ovKUH4ayySTryL42Ii8tL4iStyJuA==}
    cpu: [x64]
    os: [win32]

  '@rspack/binding@1.4.0':
    resolution: {integrity: sha512-Kex9H6w44oTYzaQK/goV/BhUJoeWL8rPI1symDjRRvSK4ca/P4OceHvlQzfU0WGg2VKnhTAxH3+KMlpYQFabOQ==}

  '@rspack/core@1.4.0':
    resolution: {integrity: sha512-eIzbMYdrpJLjfkelKFLpxUObuv2gAmAuebUJmXeyf2OlFT/DGgoWRDGOVX4MpIHgcE1XCi27sqvOdRU4HA7Zgw==}
    engines: {node: '>=16.0.0'}
    peerDependencies:
      '@swc/helpers': '>=0.5.1'
    peerDependenciesMeta:
      '@swc/helpers':
        optional: true

  '@rspack/lite-tapable@1.0.1':
    resolution: {integrity: sha512-VynGOEsVw2s8TAlLf/uESfrgfrq2+rcXB1muPJYBWbsm1Oa6r5qVQhjA5ggM6z/coYPrsVMgovl3Ff7Q7OCp1w==}
    engines: {node: '>=16.0.0'}

  '@swc/helpers@0.5.17':
    resolution: {integrity: sha512-5IKx/Y13RsYd+sauPb2x+U/xZikHjolzfuDgTAl/Tdf3Q8rslRvC19NKDLgAJQ6wsqADk10ntlv08nPFw/gO/A==}

  '@tybys/wasm-util@0.9.0':
    resolution: {integrity: sha512-6+7nlbMVX/PVDCwaIQ8nTOPveOcFLSt8GcXdx8hD0bt39uWxYT88uXzqTd4fTvqta7oeUJqudepapKNt2DYJFw==}

  core-js@3.43.0:
    resolution: {integrity: sha512-N6wEbTTZSYOY2rYAn85CuvWWkCK6QweMn7/4Nr3w+gDBeBhk/x4EJeY6FPo4QzDoJZxVTv8U7CMvgWk6pOHHqA==}

  jiti@2.4.2:
    resolution: {integrity: sha512-rg9zJN+G4n2nfJl5MW3BMygZX56zKPNVEYYqq7adpmMh4Jn2QNEwhvQlFy6jPVdcod7txZtKHWnyZiA3a0zP7A==}
    hasBin: true

  tslib@2.8.1:
    resolution: {integrity: sha512-oJFu94HQb+KVduSUQL7wnpmqnfmLsOA/nAh6b6EH0wCEoK0/mPeXU6c3wKDV83MkOuHPRHtSXKKU99IBazS/2w==}

snapshots:

  '@emnapi/core@1.4.3':
    dependencies:
      '@emnapi/wasi-threads': 1.0.2
      tslib: 2.8.1
    optional: true

  '@emnapi/runtime@1.4.3':
    dependencies:
      tslib: 2.8.1
    optional: true

  '@emnapi/wasi-threads@1.0.2':
    dependencies:
      tslib: 2.8.1
    optional: true

  '@module-federation/error-codes@0.15.0': {}

  '@module-federation/runtime-core@0.15.0':
    dependencies:
      '@module-federation/error-codes': 0.15.0
      '@module-federation/sdk': 0.15.0

  '@module-federation/runtime-tools@0.15.0':
    dependencies:
      '@module-federation/runtime': 0.15.0
      '@module-federation/webpack-bundler-runtime': 0.15.0

  '@module-federation/runtime@0.15.0':
    dependencies:
      '@module-federation/error-codes': 0.15.0
      '@module-federation/runtime-core': 0.15.0
      '@module-federation/sdk': 0.15.0

  '@module-federation/sdk@0.15.0': {}

  '@module-federation/webpack-bundler-runtime@0.15.0':
    dependencies:
      '@module-federation/runtime': 0.15.0
      '@module-federation/sdk': 0.15.0

  '@napi-rs/wasm-runtime@0.2.11':
    dependencies:
      '@emnapi/core': 1.4.3
      '@emnapi/runtime': 1.4.3
      '@tybys/wasm-util': 0.9.0
    optional: true

  '@rsbuild/core@1.4.0':
    dependencies:
      '@rspack/core': 1.4.0(@swc/helpers@0.5.17)
      '@rspack/lite-tapable': 1.0.1
      '@swc/helpers': 0.5.17
      core-js: 3.43.0
      jiti: 2.4.2

  '@rspack/binding-darwin-arm64@1.4.0':
    optional: true

  '@rspack/binding-darwin-x64@1.4.0':
    optional: true

  '@rspack/binding-linux-arm64-gnu@1.4.0':
    optional: true

  '@rspack/binding-linux-arm64-musl@1.4.0':
    optional: true

  '@rspack/binding-linux-x64-gnu@1.4.0':
    optional: true

  '@rspack/binding-linux-x64-musl@1.4.0':
    optional: true

  '@rspack/binding-wasm32-wasi@1.4.0':
    dependencies:
      '@napi-rs/wasm-runtime': 0.2.11
    optional: true

  '@rspack/binding-win32-arm64-msvc@1.4.0':
    optional: true

  '@rspack/binding-win32-ia32-msvc@1.4.0':
    optional: true

  '@rspack/binding-win32-x64-msvc@1.4.0':
    optional: true

  '@rspack/binding@1.4.0':
    optionalDependencies:
      '@rspack/binding-darwin-arm64': 1.4.0
      '@rspack/binding-darwin-x64': 1.4.0
      '@rspack/binding-linux-arm64-gnu': 1.4.0
      '@rspack/binding-linux-arm64-musl': 1.4.0
      '@rspack/binding-linux-x64-gnu': 1.4.0
      '@rspack/binding-linux-x64-musl': 1.4.0
      '@rspack/binding-wasm32-wasi': 1.4.0
      '@rspack/binding-win32-arm64-msvc': 1.4.0
      '@rspack/binding-win32-ia32-msvc': 1.4.0
      '@rspack/binding-win32-x64-msvc': 1.4.0

  '@rspack/core@1.4.0(@swc/helpers@0.5.17)':
    dependencies:
      '@module-federation/runtime-tools': 0.15.0
      '@rspack/binding': 1.4.0
      '@rspack/lite-tapable': 1.0.1
    optionalDependencies:
      '@swc/helpers': 0.5.17

  '@rspack/lite-tapable@1.0.1': {}

  '@swc/helpers@0.5.17':
    dependencies:
      tslib: 2.8.1

  '@tybys/wasm-util@0.9.0':
    dependencies:
      tslib: 2.8.1
    optional: true

  core-js@3.43.0: {}

  jiti@2.4.2: {}

  tslib@2.8.1: {}
